
Microsoft Visual Studio Solution File, Format Version 12.00
# Visual Studio Version 17
VisualStudioVersion = 17.5.33516.290
MinimumVisualStudioVersion = 10.0.40219.1
Project("{2150E333-8FDC-42A3-9474-1A3956D46DE8}") = "src", "src", "{CDC2656A-5296-49A8-A2D0-F7FCECE39D9E}"
EndProject
Project("{9A19103F-16F7-4668-BE54-9A1E7A4F7556}") = "Optional", "src\Optional\Optional.csproj", "{DADD80ED-7EB1-43CC-81CA-EA1D29773EB6}"
EndProject
Project("{2150E333-8FDC-42A3-9474-1A3956D46DE8}") = "tests", "tests", "{8D438EDD-CFD2-4BF4-A474-69301FBBEF14}"
EndProject
Project("{9A19103F-16F7-4668-BE54-9A1E7A4F7556}") = "Optional.Tests", "tests\Optional.Tests\Optional.Tests.csproj", "{90D4BA41-5D9F-4C3F-9A53-66AE98F80E68}"
EndProject
Project("{9A19103F-16F7-4668-BE54-9A1E7A4F7556}") = "Optional.Json.Tests", "tests\Optional.Json.Tests\Optional.Json.Tests.csproj", "{F7E2A37C-4C14-444E-8917-474E678511D9}"
EndProject
Project("{9A19103F-16F7-4668-BE54-9A1E7A4F7556}") = "Optional.FluentValidation", "src\Optional.FluentValidation\Optional.FluentValidation.csproj", "{7C2D9851-DDA0-4443-BBAF-6C86DC1F6284}"
EndProject
Global
	GlobalSection(SolutionConfigurationPlatforms) = preSolution
		Debug|Any CPU = Debug|Any CPU
		Release|Any CPU = Release|Any CPU
	EndGlobalSection
	GlobalSection(ProjectConfigurationPlatforms) = postSolution
		{DADD80ED-7EB1-43CC-81CA-EA1D29773EB6}.Debug|Any CPU.ActiveCfg = Debug|Any CPU
		{DADD80ED-7EB1-43CC-81CA-EA1D29773EB6}.Debug|Any CPU.Build.0 = Debug|Any CPU
		{DADD80ED-7EB1-43CC-81CA-EA1D29773EB6}.Release|Any CPU.ActiveCfg = Release|Any CPU
		{DADD80ED-7EB1-43CC-81CA-EA1D29773EB6}.Release|Any CPU.Build.0 = Release|Any CPU
		{90D4BA41-5D9F-4C3F-9A53-66AE98F80E68}.Debug|Any CPU.ActiveCfg = Debug|Any CPU
		{90D4BA41-5D9F-4C3F-9A53-66AE98F80E68}.Debug|Any CPU.Build.0 = Debug|Any CPU
		{90D4BA41-5D9F-4C3F-9A53-66AE98F80E68}.Release|Any CPU.ActiveCfg = Release|Any CPU
		{90D4BA41-5D9F-4C3F-9A53-66AE98F80E68}.Release|Any CPU.Build.0 = Release|Any CPU
		{F7E2A37C-4C14-444E-8917-474E678511D9}.Debug|Any CPU.ActiveCfg = Debug|Any CPU
		{F7E2A37C-4C14-444E-8917-474E678511D9}.Debug|Any CPU.Build.0 = Debug|Any CPU
		{F7E2A37C-4C14-444E-8917-474E678511D9}.Release|Any CPU.ActiveCfg = Release|Any CPU
		{F7E2A37C-4C14-444E-8917-474E678511D9}.Release|Any CPU.Build.0 = Release|Any CPU
		{7C2D9851-DDA0-4443-BBAF-6C86DC1F6284}.Debug|Any CPU.ActiveCfg = Debug|Any CPU
		{7C2D9851-DDA0-4443-BBAF-6C86DC1F6284}.Debug|Any CPU.Build.0 = Debug|Any CPU
		{7C2D9851-DDA0-4443-BBAF-6C86DC1F6284}.Release|Any CPU.ActiveCfg = Release|Any CPU
		{7C2D9851-DDA0-4443-BBAF-6C86DC1F6284}.Release|Any CPU.Build.0 = Release|Any CPU
	EndGlobalSection
	GlobalSection(SolutionProperties) = preSolution
		HideSolutionNode = FALSE
	EndGlobalSection
	GlobalSection(NestedProjects) = preSolution
		{DADD80ED-7EB1-43CC-81CA-EA1D29773EB6} = {CDC2656A-5296-49A8-A2D0-F7FCECE39D9E}
		{90D4BA41-5D9F-4C3F-9A53-66AE98F80E68} = {8D438EDD-CFD2-4BF4-A474-69301FBBEF14}
		{F7E2A37C-4C14-444E-8917-474E678511D9} = {8D438EDD-CFD2-4BF4-A474-69301FBBEF14}
		{7C2D9851-DDA0-4443-BBAF-6C86DC1F6284} = {CDC2656A-5296-49A8-A2D0-F7FCECE39D9E}
	EndGlobalSection
	GlobalSection(ExtensibilityGlobals) = postSolution
		SolutionGuid = {C1ACB2FD-46FF-4644-B8E8-619CB7FDB864}
	EndGlobalSection
EndGlobal
